# @generated by Move, please check-in and do not edit manually.

[move]
version = 3
manifest_digest = "F7A039E31347DB65E47386D3134D0529F6516085F61B4135322612F1A8B6E97D"
deps_digest = "F9B494B64F0615AED0E98FC12A85B85ECD2BC5185C22D30E7F67786BB52E507C"
dependencies = [
  { id = "Bridge", name = "Bridge" },
  { id = "MoveStdlib", name = "MoveStdlib" },
  { id = "Sui", name = "Sui" },
  { id = "SuiSystem", name = "SuiSystem" },
]

[[move.package]]
id = "Bridge"
source = { git = "https://github.com/MystenLabs/sui.git", rev = "494fa6ede17f366f1cd850f01ccb9f42dc75c470", subdir = "crates/sui-framework/packages/bridge" }

dependencies = [
  { id = "MoveStdlib", name = "MoveStdlib" },
  { id = "Sui", name = "Sui" },
  { id = "SuiSystem", name = "SuiSystem" },
]

[[move.package]]
id = "MoveStdlib"
source = { git = "https://github.com/MystenLabs/sui.git", rev = "494fa6ede17f366f1cd850f01ccb9f42dc75c470", subdir = "crates/sui-framework/packages/move-stdlib" }

[[move.package]]
id = "Sui"
source = { git = "https://github.com/MystenLabs/sui.git", rev = "494fa6ede17f366f1cd850f01ccb9f42dc75c470", subdir = "crates/sui-framework/packages/sui-framework" }

dependencies = [
  { id = "MoveStdlib", name = "MoveStdlib" },
]

[[move.package]]
id = "SuiSystem"
source = { git = "https://github.com/MystenLabs/sui.git", rev = "494fa6ede17f366f1cd850f01ccb9f42dc75c470", subdir = "crates/sui-framework/packages/sui-system" }

dependencies = [
  { id = "MoveStdlib", name = "MoveStdlib" },
  { id = "Sui", name = "Sui" },
]

[move.toolchain-version]
compiler-version = "1.59.1"
edition = "2024"
flavor = "sui"

[env]

[env.devnet]
chain-id = "eaa01338"
original-published-id = "0x5e080663bd24745eb807e6b58e05f3f7192d33dc0b6ddea7c96f5ae4130af614"
latest-published-id = "0x5e080663bd24745eb807e6b58e05f3f7192d33dc0b6ddea7c96f5ae4130af614"
published-version = "1"
